
Microsoft Visual Studio Solution File, Format Version 12.00
# Visual Studio 14
VisualStudioVersion = 14.0.25420.1
MinimumVisualStudioVersion = 10.0.40219.1
Project("{FAE04EC0-301F-11D3-BF4B-00C04F79EFBC}") = "V-Soccer", "V-Soccer\V-Soccer.csproj", "{C4CF4295-78AE-418D-ACF0-F8AB754B0B9B}"
EndProject
Project("{FAE04EC0-301F-11D3-BF4B-00C04F79EFBC}") = "Domain", "Domain\Domain.csproj", "{EF51F9E6-09D9-43BB-9961-969A20738C2A}"
EndProject
Global
	GlobalSection(SolutionConfigurationPlatforms) = preSolution
		Debug|Any CPU = Debug|Any CPU
		Release|Any CPU = Release|Any CPU
	EndGlobalSection
	GlobalSection(ProjectConfigurationPlatforms) = postSolution
		{C4CF4295-78AE-418D-ACF0-F8AB754B0B9B}.Debug|Any CPU.ActiveCfg = Debug|Any CPU
		{C4CF4295-78AE-418D-ACF0-F8AB754B0B9B}.Debug|Any CPU.Build.0 = Debug|Any CPU
		{C4CF4295-78AE-418D-ACF0-F8AB754B0B9B}.Release|Any CPU.ActiveCfg = Release|Any CPU
		{C4CF4295-78AE-418D-ACF0-F8AB754B0B9B}.Release|Any CPU.Build.0 = Release|Any CPU
		{EF51F9E6-09D9-43BB-9961-969A20738C2A}.Debug|Any CPU.ActiveCfg = Debug|Any CPU
		{EF51F9E6-09D9-43BB-9961-969A20738C2A}.Debug|Any CPU.Build.0 = Debug|Any CPU
		{EF51F9E6-09D9-43BB-9961-969A20738C2A}.Release|Any CPU.ActiveCfg = Release|Any CPU
		{EF51F9E6-09D9-43BB-9961-969A20738C2A}.Release|Any CPU.Build.0 = Release|Any CPU
	EndGlobalSection
	GlobalSection(SolutionProperties) = preSolution
		HideSolutionNode = FALSE
	EndGlobalSection
EndGlobal
